PODS:
  - Alamofire (3.2.1)
  - BSGridCollectionViewLayout (1.0.1)
  - BSImagePicker (2.2.0):
    - BSGridCollectionViewLayout (~> 1.0)
    - UIImageViewModeScaleAspect (~> 1.3)
  - Cent (5.0.0):
    - Dollar (~> 5.0.0)
  - Dollar (5.0.0)
  - INTULocationManager (4.2.0)
  - KeychainAccess (2.3.4)
  - Kingfisher (2.1.0)
  - ObjectMapper (1.1.5)
  - RxBlocking (2.2.0):
    - RxSwift (~> 2.2)
  - RxCocoa (2.2.0):
    - RxSwift (~> 2.2)
  - RxSwift (2.2.0)
  - SnapKit (0.19.1)
  - SVProgressHUD (2.0-beta8)
  - Swift_cURLCommand (1.0.0)
  - SwiftyJSON (2.3.2)
  - UIColor_Hex_Swift (2.0)
  - UIImageViewModeScaleAspect (1.3)
  - XCGLogger (3.2)
  - YYText (1.0.2)

DEPENDENCIES:
  - Alamofire
  - BSImagePicker (~> 2.2)
  - Cent
  - Dollar
  - INTULocationManager
  - KeychainAccess (~> 2.3.4)
  - Kingfisher
  - ObjectMapper (~> 1.0)
  - RxBlocking (~> 2.2)
  - RxCocoa (~> 2.2)
  - RxSwift (~> 2.2)
  - SnapKit
  - SVProgressHUD (~> 2.0-beta8)
  - Swift_cURLCommand
  - SwiftyJSON
  - UIColor_Hex_Swift (~> 2.0)
  - XCGLogger
  - YYText

SPEC CHECKSUMS:
  Alamofire: f11d8624a05f5d39e0c99309b3e600a3ba64298a
  BSGridCollectionViewLayout: 60f542a260887148f9f4db1fc0e637e3d560df91
  BSImagePicker: 99c38db9ead99229d1dd4d09e6d5a707328405a5
  Cent: 4bfbe6037d911c0491425ae1ff8057404050fbb2
  Dollar: 310893dd6b3799b9b155e3deb61a0492987e4d03
  INTULocationManager: 73f8254b3d05c897c56bb13c190e5b7c648c0998
  KeychainAccess: 3a21b6944b4f2a22653f091d770cf10374961a94
  Kingfisher: 3ac09acad75a25ab22f6d7cef3de10d61dd4792d
  ObjectMapper: 528b1a6677a6acac7747edd508576983e76a9148
  RxBlocking: 5bbc826774c4290effa8fe070841e9d45e864639
  RxCocoa: 42efb7a7145a8d1d5878e94ce48a580d29e0c796
  RxSwift: b8a749f2204c6c7a5c29b306a9c3bc11d5b87c5b
  SnapKit: eff58d6e3451bf2f482db2eccf86aecf371dc62d
  SVProgressHUD: 6e48a1dda09ce3b58adc41d013baed3a8e8980ff
  Swift_cURLCommand: 956902720891266119dd2b8d0b513ba353cfe625
  SwiftyJSON: 04ccea08915aa0109039157c7974cf0298da292a
  UIColor_Hex_Swift: 07130bb5cc010905acc970609255edf4d80f06c8
  UIImageViewModeScaleAspect: ec78901acfc20d3782154111a21d34390f8f71ad
  XCGLogger: da1f341f4bb8979db6e1df64232f04d9698402d4
  YYText: 9f1b8ce94f4169e40dd6a42182b42dbbd3e54020

COCOAPODS: 0.39.0
